Microsoft Visual Studio Solution File, Format Version 11.00
# Visual Studio 2008

Project("{DF48284D-34E4-371D-B6B3-B0EB25B22446}") = "QuizApp", "Assembly-CSharp-firstpass.csproj", "{E8EA0A65-5E43-DE57-317E-31885E73DA07}"
EndProject
Project("{DF48284D-34E4-371D-B6B3-B0EB25B22446}") = "QuizApp", "Assembly-CSharp.csproj", "{95E58A51-3026-37FE-B840-F98F9432AC75}"
EndProject
Project("{DF48284D-34E4-371D-B6B3-B0EB25B22446}") = "QuizApp", "Assembly-CSharp-Editor.csproj", "{1BC02438-D991-5CFC-8450-504E737F9412}"
EndProject
Global
	GlobalSection(SolutionConfigurationPlatforms) = preSolution
		Debug|Any CPU = Debug|Any CPU
		Release|Any CPU = Release|Any CPU
	EndGlobalSection
	GlobalSection(ProjectConfigurationPlatforms) = postSolution
		{E8EA0A65-5E43-DE57-317E-31885E73DA07}.Debug|Any CPU.ActiveCfg = Debug|Any CPU
		{E8EA0A65-5E43-DE57-317E-31885E73DA07}.Debug|Any CPU.Build.0 = Debug|Any CPU
		{E8EA0A65-5E43-DE57-317E-31885E73DA07}.Release|Any CPU.ActiveCfg = Release|Any CPU
		{E8EA0A65-5E43-DE57-317E-31885E73DA07}.Release|Any CPU.Build.0 = Release|Any CPU
		{95E58A51-3026-37FE-B840-F98F9432AC75}.Debug|Any CPU.ActiveCfg = Debug|Any CPU
		{95E58A51-3026-37FE-B840-F98F9432AC75}.Debug|Any CPU.Build.0 = Debug|Any CPU
		{95E58A51-3026-37FE-B840-F98F9432AC75}.Release|Any CPU.ActiveCfg = Release|Any CPU
		{95E58A51-3026-37FE-B840-F98F9432AC75}.Release|Any CPU.Build.0 = Release|Any CPU
		{1BC02438-D991-5CFC-8450-504E737F9412}.Debug|Any CPU.ActiveCfg = Debug|Any CPU
		{1BC02438-D991-5CFC-8450-504E737F9412}.Debug|Any CPU.Build.0 = Debug|Any CPU
		{1BC02438-D991-5CFC-8450-504E737F9412}.Release|Any CPU.ActiveCfg = Release|Any CPU
		{1BC02438-D991-5CFC-8450-504E737F9412}.Release|Any CPU.Build.0 = Release|Any CPU
	EndGlobalSection
	GlobalSection(SolutionProperties) = preSolution
		HideSolutionNode = FALSE
	EndGlobalSection
																																																																																													GlobalSection(MonoDevelopProperties) = preSolution
		StartupItem = Assembly-CSharp.csproj
		Policies = $0
		$0.TextStylePolicy = $1
		$1.inheritsSet = null
		$1.scope = text/x-csharp
		$0.CSharpFormattingPolicy = $2
		$2.inheritsSet = Mono
		$2.inheritsScope = text/x-csharp
		$2.scope = text/x-csharp
		$0.TextStylePolicy = $3
		$3.FileWidth = 120
		$3.TabWidth = 4
		$3.EolMarker = Unix
		$3.inheritsSet = Mono
		$3.inheritsScope = text/plain
		$3.scope = text/plain
	EndGlobalSection

EndGlobal
